
Microsoft Visual Studio Solution File, Format Version 12.00
# Visual Studio Version 17
VisualStudioVersion = 17.4.33205.214
MinimumVisualStudioVersion = 10.0.40219.1
Project("{9A19103F-16F7-4668-BE54-9A1E7A4F7556}") = "SampleConsoleApp", "SampleConsoleApp.csproj", "{57DE90CA-FDFF-423D-80B7-394A53DA7AF1}"
EndProject
Global
	GlobalSection(SolutionConfigurationPlatforms) = preSolution
		Debug|Any CPU = Debug|Any CPU
		Release|Any CPU = Release|Any CPU
	EndGlobalSection
	GlobalSection(ProjectConfigurationPlatforms) = postSolution
		{57DE90CA-FDFF-423D-80B7-394A53DA7AF1}.Debug|Any CPU.ActiveCfg = Debug|Any CPU
		{57DE90CA-FDFF-423D-80B7-394A53DA7AF1}.Debug|Any CPU.Build.0 = Debug|Any CPU
		{57DE90CA-FDFF-423D-80B7-394A53DA7AF1}.Release|Any CPU.ActiveCfg = Release|Any CPU
		{57DE90CA-FDFF-423D-80B7-394A53DA7AF1}.Release|Any CPU.Build.0 = Release|Any CPU
	EndGlobalSection
	GlobalSection(SolutionProperties) = preSolution
		HideSolutionNode = FALSE
	EndGlobalSection
	GlobalSection(ExtensibilityGlobals) = postSolution
		SolutionGuid = {0A5A3BE5-73B8-41C2-87DB-630D4474FBB8}
	EndGlobalSection
EndGlobal
